{
  "name": "adenin-twitter-connector",
  "version": "0.1.0",
  "lockfileVersion": 1,
  "requires": true,
  "dependencies": {
    "autolinker": {
      "version": "1.7.1",
      "resolved": "https://registry.npmjs.org/autolinker/-/autolinker-1.7.1.tgz",
      "integrity": "sha512-Yehe/Nui7GJBul5E1gmF1d0pL+wux40Bcuh9PzUzBHArH1qQgTYO8Jwdjb0Oomg2cuJ+6OrSGcUteMYMRt0GOQ=="
    },
    "moment": {
      "version": "2.22.2",
      "resolved": "https://registry.npmjs.org/moment/-/moment-2.22.2.tgz",
      "integrity": "sha1-PCV/mDn8DpP/UxSWMiOeuQeD/2Y="
    }
  }
}
